
Microsoft Visual Studio Solution File, Format Version 12.00
# Visual Studio 14
VisualStudioVersion = 14.0.25420.1
MinimumVisualStudioVersion = 10.0.40219.1
Project("{FAE04EC0-301F-11D3-BF4B-00C04F79EFBC}") = "SalesOrder", "SalesOrder\SalesOrder.csproj", "{CBE14864-9E21-4A32-AE55-F2380975593D}"
EndProject
Project("{FAE04EC0-301F-11D3-BF4B-00C04F79EFBC}") = "SalesOrder.Server", "SalesOrder.Server\SalesOrder.Server.csproj", "{A1A7F5A1-AD6C-40A2-B681-DE724D2BB6ED}"
EndProject
Project("{FAE04EC0-301F-11D3-BF4B-00C04F79EFBC}") = "SalesOrder.Server.Api", "SalesOrder.Server.Api\SalesOrder.Server.Api.csproj", "{4F63DB84-788B-4556-8988-46EDA04D2404}"
EndProject
Project("{FAE04EC0-301F-11D3-BF4B-00C04F79EFBC}") = "SalesOrder.Client", "SalesOrder.Client\SalesOrder.Client.csproj", "{9FA044C8-D0DF-41CB-AD47-097B971223A4}"
EndProject
Project("{FAE04EC0-301F-11D3-BF4B-00C04F79EFBC}") = "SalesOrder.Models.Atlas", "SalesOrder.Models.Atlas\SalesOrder.Models.Atlas.csproj", "{BD8B6C73-66F0-48B0-8026-8458DDDF2E5E}"
EndProject
Project("{FAE04EC0-301F-11D3-BF4B-00C04F79EFBC}") = "SalesOrder.Services", "SalesOrder.Services\SalesOrder.Services.csproj", "{67D3EA7E-6EE6-41A5-AF1F-E3A0220FBEB9}"
EndProject
Project("{FAE04EC0-301F-11D3-BF4B-00C04F79EFBC}") = "SalesOrder.Services.Atlas", "SalesOrder.Services.Atlas\SalesOrder.Services.Atlas.csproj", "{FAF6D94D-C08E-412D-8CF1-72A55B0872E5}"
EndProject
Project("{FAE04EC0-301F-11D3-BF4B-00C04F79EFBC}") = "SalesOrder.Models", "SalesOrder.Models\SalesOrder.Models.csproj", "{51FCCF85-C323-42F5-A41A-1FEABCD5FAAE}"
EndProject
Project("{FAE04EC0-301F-11D3-BF4B-00C04F79EFBC}") = "SalesOrder.Tests", "SalesOrder.Tests\SalesOrder.Tests.csproj", "{1F692C15-ED18-4483-BCFD-F355FA3B6344}"
EndProject
Project("{CC5FD16D-436D-48AD-A40C-5A424C6E3E79}") = "SalesOrder.Cloud", "SalesOrder.Cloud\SalesOrder.Cloud.ccproj", "{28AFC9D1-99E5-4007-BE68-FDD7072A349B}"
EndProject
Project("{FAE04EC0-301F-11D3-BF4B-00C04F79EFBC}") = "SalesOrder.Cloud.Server", "SalesOrder.Cloud.Server\SalesOrder.Cloud.Server.csproj", "{5B9E6680-41A8-4AB2-906F-1B54AB8E57EC}"
EndProject
Project("{FAE04EC0-301F-11D3-BF4B-00C04F79EFBC}") = "SalesOrder.Cloud.Agent", "SalesOrder.Cloud.Agent\SalesOrder.Cloud.Agent.csproj", "{6AD5D097-C396-4070-8A99-B7A869AE4AB6}"
EndProject
Project("{FAE04EC0-301F-11D3-BF4B-00C04F79EFBC}") = "SalesOrder.Cloud.Server.Api", "SalesOrder.Cloud.Server.Api\SalesOrder.Cloud.Server.Api.csproj", "{C40CE3D9-0123-4502-A0B7-CD72C9C53CBE}"
EndProject
Project("{FAE04EC0-301F-11D3-BF4B-00C04F79EFBC}") = "SalesOrder.Agent", "SalesOrder.Agent\SalesOrder.Agent.csproj", "{4ED30C2D-5FD0-4BFC-B24B-EC17311282CC}"
EndProject
Global
	GlobalSection(SolutionConfigurationPlatforms) = preSolution
		Debug|Any CPU = Debug|Any CPU
		Release|Any CPU = Release|Any CPU
	EndGlobalSection
	GlobalSection(ProjectConfigurationPlatforms) = postSolution
		{CBE14864-9E21-4A32-AE55-F2380975593D}.Debug|Any CPU.ActiveCfg = Debug|Any CPU
		{CBE14864-9E21-4A32-AE55-F2380975593D}.Debug|Any CPU.Build.0 = Debug|Any CPU
		{CBE14864-9E21-4A32-AE55-F2380975593D}.Release|Any CPU.ActiveCfg = Release|Any CPU
		{CBE14864-9E21-4A32-AE55-F2380975593D}.Release|Any CPU.Build.0 = Release|Any CPU
		{A1A7F5A1-AD6C-40A2-B681-DE724D2BB6ED}.Debug|Any CPU.ActiveCfg = Debug|Any CPU
		{A1A7F5A1-AD6C-40A2-B681-DE724D2BB6ED}.Debug|Any CPU.Build.0 = Debug|Any CPU
		{A1A7F5A1-AD6C-40A2-B681-DE724D2BB6ED}.Release|Any CPU.ActiveCfg = Release|Any CPU
		{A1A7F5A1-AD6C-40A2-B681-DE724D2BB6ED}.Release|Any CPU.Build.0 = Release|Any CPU
		{4F63DB84-788B-4556-8988-46EDA04D2404}.Debug|Any CPU.ActiveCfg = Debug|Any CPU
		{4F63DB84-788B-4556-8988-46EDA04D2404}.Debug|Any CPU.Build.0 = Debug|Any CPU
		{4F63DB84-788B-4556-8988-46EDA04D2404}.Release|Any CPU.ActiveCfg = Release|Any CPU
		{4F63DB84-788B-4556-8988-46EDA04D2404}.Release|Any CPU.Build.0 = Release|Any CPU
		{9FA044C8-D0DF-41CB-AD47-097B971223A4}.Debug|Any CPU.ActiveCfg = Debug|Any CPU
		{9FA044C8-D0DF-41CB-AD47-097B971223A4}.Debug|Any CPU.Build.0 = Debug|Any CPU
		{9FA044C8-D0DF-41CB-AD47-097B971223A4}.Release|Any CPU.ActiveCfg = Release|Any CPU
		{9FA044C8-D0DF-41CB-AD47-097B971223A4}.Release|Any CPU.Build.0 = Release|Any CPU
		{BD8B6C73-66F0-48B0-8026-8458DDDF2E5E}.Debug|Any CPU.ActiveCfg = Debug|Any CPU
		{BD8B6C73-66F0-48B0-8026-8458DDDF2E5E}.Debug|Any CPU.Build.0 = Debug|Any CPU
		{BD8B6C73-66F0-48B0-8026-8458DDDF2E5E}.Release|Any CPU.ActiveCfg = Release|Any CPU
		{BD8B6C73-66F0-48B0-8026-8458DDDF2E5E}.Release|Any CPU.Build.0 = Release|Any CPU
		{67D3EA7E-6EE6-41A5-AF1F-E3A0220FBEB9}.Debug|Any CPU.ActiveCfg = Debug|Any CPU
		{67D3EA7E-6EE6-41A5-AF1F-E3A0220FBEB9}.Debug|Any CPU.Build.0 = Debug|Any CPU
		{67D3EA7E-6EE6-41A5-AF1F-E3A0220FBEB9}.Release|Any CPU.ActiveCfg = Release|Any CPU
		{67D3EA7E-6EE6-41A5-AF1F-E3A0220FBEB9}.Release|Any CPU.Build.0 = Release|Any CPU
		{FAF6D94D-C08E-412D-8CF1-72A55B0872E5}.Debug|Any CPU.ActiveCfg = Debug|Any CPU
		{FAF6D94D-C08E-412D-8CF1-72A55B0872E5}.Debug|Any CPU.Build.0 = Debug|Any CPU
		{FAF6D94D-C08E-412D-8CF1-72A55B0872E5}.Release|Any CPU.ActiveCfg = Release|Any CPU
		{FAF6D94D-C08E-412D-8CF1-72A55B0872E5}.Release|Any CPU.Build.0 = Release|Any CPU
		{51FCCF85-C323-42F5-A41A-1FEABCD5FAAE}.Debug|Any CPU.ActiveCfg = Debug|Any CPU
		{51FCCF85-C323-42F5-A41A-1FEABCD5FAAE}.Debug|Any CPU.Build.0 = Debug|Any CPU
		{51FCCF85-C323-42F5-A41A-1FEABCD5FAAE}.Release|Any CPU.ActiveCfg = Release|Any CPU
		{51FCCF85-C323-42F5-A41A-1FEABCD5FAAE}.Release|Any CPU.Build.0 = Release|Any CPU
		{1F692C15-ED18-4483-BCFD-F355FA3B6344}.Debug|Any CPU.ActiveCfg = Debug|Any CPU
		{1F692C15-ED18-4483-BCFD-F355FA3B6344}.Debug|Any CPU.Build.0 = Debug|Any CPU
		{1F692C15-ED18-4483-BCFD-F355FA3B6344}.Release|Any CPU.ActiveCfg = Release|Any CPU
		{1F692C15-ED18-4483-BCFD-F355FA3B6344}.Release|Any CPU.Build.0 = Release|Any CPU
		{28AFC9D1-99E5-4007-BE68-FDD7072A349B}.Debug|Any CPU.ActiveCfg = Debug|Any CPU
		{28AFC9D1-99E5-4007-BE68-FDD7072A349B}.Debug|Any CPU.Build.0 = Debug|Any CPU
		{28AFC9D1-99E5-4007-BE68-FDD7072A349B}.Release|Any CPU.ActiveCfg = Release|Any CPU
		{28AFC9D1-99E5-4007-BE68-FDD7072A349B}.Release|Any CPU.Build.0 = Release|Any CPU
		{5B9E6680-41A8-4AB2-906F-1B54AB8E57EC}.Debug|Any CPU.ActiveCfg = Debug|Any CPU
		{5B9E6680-41A8-4AB2-906F-1B54AB8E57EC}.Debug|Any CPU.Build.0 = Debug|Any CPU
		{5B9E6680-41A8-4AB2-906F-1B54AB8E57EC}.Release|Any CPU.ActiveCfg = Release|Any CPU
		{5B9E6680-41A8-4AB2-906F-1B54AB8E57EC}.Release|Any CPU.Build.0 = Release|Any CPU
		{6AD5D097-C396-4070-8A99-B7A869AE4AB6}.Debug|Any CPU.ActiveCfg = Debug|Any CPU
		{6AD5D097-C396-4070-8A99-B7A869AE4AB6}.Debug|Any CPU.Build.0 = Debug|Any CPU
		{6AD5D097-C396-4070-8A99-B7A869AE4AB6}.Release|Any CPU.ActiveCfg = Release|Any CPU
		{6AD5D097-C396-4070-8A99-B7A869AE4AB6}.Release|Any CPU.Build.0 = Release|Any CPU
		{C40CE3D9-0123-4502-A0B7-CD72C9C53CBE}.Debug|Any CPU.ActiveCfg = Debug|Any CPU
		{C40CE3D9-0123-4502-A0B7-CD72C9C53CBE}.Debug|Any CPU.Build.0 = Debug|Any CPU
		{C40CE3D9-0123-4502-A0B7-CD72C9C53CBE}.Release|Any CPU.ActiveCfg = Release|Any CPU
		{C40CE3D9-0123-4502-A0B7-CD72C9C53CBE}.Release|Any CPU.Build.0 = Release|Any CPU
		{4ED30C2D-5FD0-4BFC-B24B-EC17311282CC}.Debug|Any CPU.ActiveCfg = Debug|Any CPU
		{4ED30C2D-5FD0-4BFC-B24B-EC17311282CC}.Debug|Any CPU.Build.0 = Debug|Any CPU
		{4ED30C2D-5FD0-4BFC-B24B-EC17311282CC}.Release|Any CPU.ActiveCfg = Release|Any CPU
		{4ED30C2D-5FD0-4BFC-B24B-EC17311282CC}.Release|Any CPU.Build.0 = Release|Any CPU
	EndGlobalSection
	GlobalSection(SolutionProperties) = preSolution
		HideSolutionNode = FALSE
	EndGlobalSection
EndGlobal
